
Microsoft Visual Studio Solution File, Format Version 12.00
# Visual Studio Version 17
VisualStudioVersion = 17.5.002.0
MinimumVisualStudioVersion = 10.0.40219.1
Project("{9A19103F-16F7-4668-BE54-9A1E7A4F7556}") = "L11 - Lizbeth Herrera - 1246024", "L11 - Lizbeth Herrera - 1246024.csproj", "{4981AE91-C709-44C7-92A4-2051F9D81F41}"
EndProject
Global
	GlobalSection(SolutionConfigurationPlatforms) = preSolution
		Debug|Any CPU = Debug|Any CPU
		Release|Any CPU = Release|Any CPU
	EndGlobalSection
	GlobalSection(ProjectConfigurationPlatforms) = postSolution
		{4981AE91-C709-44C7-92A4-2051F9D81F41}.Debug|Any CPU.ActiveCfg = Debug|Any CPU
		{4981AE91-C709-44C7-92A4-2051F9D81F41}.Debug|Any CPU.Build.0 = Debug|Any CPU
		{4981AE91-C709-44C7-92A4-2051F9D81F41}.Release|Any CPU.ActiveCfg = Release|Any CPU
		{4981AE91-C709-44C7-92A4-2051F9D81F41}.Release|Any CPU.Build.0 = Release|Any CPU
	EndGlobalSection
	GlobalSection(SolutionProperties) = preSolution
		HideSolutionNode = FALSE
	EndGlobalSection
	GlobalSection(ExtensibilityGlobals) = postSolution
		SolutionGuid = {0D20B8DE-9D2A-48BE-A5FD-3C9C74795F8F}
	EndGlobalSection
EndGlobal
